
Microsoft Visual Studio Solution File, Format Version 12.00
# Visual Studio 15
VisualStudioVersion = 15.0.28010.0
MinimumVisualStudioVersion = 10.0.40219.1
Project("{FAE04EC0-301F-11D3-BF4B-00C04F79EFBC}") = "Barnyard", "Barnyard\Barnyard.csproj", "{6FD4A6FE-FD02-42BC-9872-7218C547158F}"
EndProject
Global
	GlobalSection(SolutionConfigurationPlatforms) = preSolution
		Debug|Any CPU = Debug|Any CPU
		Release|Any CPU = Release|Any CPU
	EndGlobalSection
	GlobalSection(ProjectConfigurationPlatforms) = postSolution
		{6FD4A6FE-FD02-42BC-9872-7218C547158F}.Debug|Any CPU.ActiveCfg = Debug|Any CPU
		{6FD4A6FE-FD02-42BC-9872-7218C547158F}.Debug|Any CPU.Build.0 = Debug|Any CPU
		{6FD4A6FE-FD02-42BC-9872-7218C547158F}.Release|Any CPU.ActiveCfg = Release|Any CPU
		{6FD4A6FE-FD02-42BC-9872-7218C547158F}.Release|Any CPU.Build.0 = Release|Any CPU
	EndGlobalSection
	GlobalSection(SolutionProperties) = preSolution
		HideSolutionNode = FALSE
	EndGlobalSection
	GlobalSection(ExtensibilityGlobals) = postSolution
		SolutionGuid = {6C776949-68BF-4342-A460-68FE599156A2}
	EndGlobalSection
EndGlobal
